Microsoft Visual Studio Solution File, Format Version 12.00
# Visual Studio 2013
VisualStudioVersion = 12.0.21005.1
MinimumVisualStudioVersion = 10.0.40219.1
Project("{2150E333-8FDC-42A3-9474-1A3956D46DE8}") = "Solution Items", "Solution Items", "{6E447BD6-F5AA-42CB-8A85-E03F6C306A27}"
	ProjectSection(SolutionItems) = preProject
		Changes.txt = Changes.txt
		CommonAssemblyInfo.cs = CommonAssemblyInfo.cs
		CommonAssemblyVersion.cs = CommonAssemblyVersion.cs
	EndProjectSection
EndProject
Project("{FAE04EC0-301F-11D3-BF4B-00C04F79EFBC}") = "Resource", "Resource\Resource.csproj", "{83AF3203-C9A7-4CC0-8AB0-D703BBC98C69}"
EndProject
Project("{FAE04EC0-301F-11D3-BF4B-00C04F79EFBC}") = "DifferenceEngine", "DifferenceEngine\DifferenceEngine.csproj", "{8AE4897A-EA74-49B1-BA55-D892C27AF9C9}"
EndProject
Project("{FAE04EC0-301F-11D3-BF4B-00C04F79EFBC}") = "DabCoS.UnitTest", "DabCoS.UnitTest\DabCoS.UnitTest.csproj", "{BD949A6F-0F27-476C-BBBB-319F45ED65C7}"
EndProject
Project("{FAE04EC0-301F-11D3-BF4B-00C04F79EFBC}") = "DaBCoS.Engine", "DaBCoS.Engine\DaBCoS.Engine.csproj", "{20889E0E-C12E-471E-83E4-54F77E1FC504}"
EndProject
Project("{FAE04EC0-301F-11D3-BF4B-00C04F79EFBC}") = "DaBCoS", "DaBCoS\DaBCoS.csproj", "{2B0F1E16-70D3-4940-ADEB-717F4D69E713}"
EndProject
Project("{FAE04EC0-301F-11D3-BF4B-00C04F79EFBC}") = "DaBCoS.Cmd", "DaBCoS.Cmd\DaBCoS.Cmd.csproj", "{74C02235-C8E7-4D03-AF25-6AFE1E95A403}"
EndProject
Project("{00D1A9C2-B5F0-4AF3-8072-F6C62B433612}") = "DaBCoS.UnitTest.Database", "DaBCoS.UnitTest.Database\DaBCoS.UnitTest.Database.sqlproj", "{2F064629-8880-4043-AA78-9F47425E16F6}"
EndProject
Global
	GlobalSection(SolutionConfigurationPlatforms) = preSolution
		Debug|Any CPU = Debug|Any CPU
		Release|Any CPU = Release|Any CPU
	EndGlobalSection
	GlobalSection(ProjectConfigurationPlatforms) = postSolution
		{83AF3203-C9A7-4CC0-8AB0-D703BBC98C69}.Debug|Any CPU.ActiveCfg = Debug|Any CPU
		{83AF3203-C9A7-4CC0-8AB0-D703BBC98C69}.Release|Any CPU.ActiveCfg = Release|Any CPU
		{8AE4897A-EA74-49B1-BA55-D892C27AF9C9}.Debug|Any CPU.ActiveCfg = Debug|Any CPU
		{8AE4897A-EA74-49B1-BA55-D892C27AF9C9}.Debug|Any CPU.Build.0 = Debug|Any CPU
		{8AE4897A-EA74-49B1-BA55-D892C27AF9C9}.Release|Any CPU.ActiveCfg = Release|Any CPU
		{8AE4897A-EA74-49B1-BA55-D892C27AF9C9}.Release|Any CPU.Build.0 = Release|Any CPU
		{BD949A6F-0F27-476C-BBBB-319F45ED65C7}.Debug|Any CPU.ActiveCfg = Debug|Any CPU
		{BD949A6F-0F27-476C-BBBB-319F45ED65C7}.Debug|Any CPU.Build.0 = Debug|Any CPU
		{BD949A6F-0F27-476C-BBBB-319F45ED65C7}.Release|Any CPU.ActiveCfg = Release|Any CPU
		{BD949A6F-0F27-476C-BBBB-319F45ED65C7}.Release|Any CPU.Build.0 = Release|Any CPU
		{20889E0E-C12E-471E-83E4-54F77E1FC504}.Debug|Any CPU.ActiveCfg = Debug|Any CPU
		{20889E0E-C12E-471E-83E4-54F77E1FC504}.Debug|Any CPU.Build.0 = Debug|Any CPU
		{20889E0E-C12E-471E-83E4-54F77E1FC504}.Release|Any CPU.ActiveCfg = Release|Any CPU
		{20889E0E-C12E-471E-83E4-54F77E1FC504}.Release|Any CPU.Build.0 = Release|Any CPU
		{2B0F1E16-70D3-4940-ADEB-717F4D69E713}.Debug|Any CPU.ActiveCfg = Debug|Any CPU
		{2B0F1E16-70D3-4940-ADEB-717F4D69E713}.Debug|Any CPU.Build.0 = Debug|Any CPU
		{2B0F1E16-70D3-4940-ADEB-717F4D69E713}.Release|Any CPU.ActiveCfg = Release|Any CPU
		{2B0F1E16-70D3-4940-ADEB-717F4D69E713}.Release|Any CPU.Build.0 = Release|Any CPU
		{74C02235-C8E7-4D03-AF25-6AFE1E95A403}.Debug|Any CPU.ActiveCfg = Debug|Any CPU
		{74C02235-C8E7-4D03-AF25-6AFE1E95A403}.Debug|Any CPU.Build.0 = Debug|Any CPU
		{74C02235-C8E7-4D03-AF25-6AFE1E95A403}.Release|Any CPU.ActiveCfg = Release|Any CPU
		{74C02235-C8E7-4D03-AF25-6AFE1E95A403}.Release|Any CPU.Build.0 = Release|Any CPU
		{2F064629-8880-4043-AA78-9F47425E16F6}.Debug|Any CPU.ActiveCfg = Debug|Any CPU
		{2F064629-8880-4043-AA78-9F47425E16F6}.Debug|Any CPU.Build.0 = Debug|Any CPU
		{2F064629-8880-4043-AA78-9F47425E16F6}.Debug|Any CPU.Deploy.0 = Debug|Any CPU
		{2F064629-8880-4043-AA78-9F47425E16F6}.Release|Any CPU.ActiveCfg = Release|Any CPU
		{2F064629-8880-4043-AA78-9F47425E16F6}.Release|Any CPU.Build.0 = Release|Any CPU
		{2F064629-8880-4043-AA78-9F47425E16F6}.Release|Any CPU.Deploy.0 = Release|Any CPU
	EndGlobalSection
	GlobalSection(SolutionProperties) = preSolution
		HideSolutionNode = FALSE
	EndGlobalSection
EndGlobal
